PODS:
  - Flutter (1.0.0)
  - integration_test (0.0.1):
    - Flutter
  - mopinion_flutter_integration_plugin (0.0.1):
    - Flutter

DEPENDENCIES:
  - Flutter (from `Flutter`)
  - integration_test (from `.symlinks/plugins/integration_test/ios`)
  - mopinion_flutter_integration_plugin (from `.symlinks/plugins/mopinion_flutter_integration_plugin/ios`)

EXTERNAL SOURCES:
  Flutter:
    :path: Flutter
  integration_test:
    :path: ".symlinks/plugins/integration_test/ios"
  mopinion_flutter_integration_plugin:
    :path: ".symlinks/plugins/mopinion_flutter_integration_plugin/ios"

SPEC CHECKSUMS:
  Flutter: f04841e97a9d0b0a8025694d0796dd46242b2854
  integration_test: 13825b8a9334a850581300559b8839134b124670
  mopinion_flutter_integration_plugin: 6d486d7d97aad3d6074dba3a6c335eddda34d274

PODFILE CHECKSUM: 70d9d25280d0dd177a5f637cdb0f0b0b12c6a189

COCOAPODS: 1.11.3
